// !$*UTF8*$!
{
	archiveVersion = 1;
	classes = {
	};
	objectVersion = 56;
	objects = {

/* Begin PBXBuildFile section */
		APP001 /* Big_DicTaphoneApp.swift in Sources */ = {isa = PBXBuildFile; fileRef = SRC001; };
		APP002 /* ContentView.swift in Sources */ = {isa = PBXBuildFile; fileRef = SRC002; };
		APP003 /* Assets.xcassets in Resources */ = {isa = PBXBuildFile; fileRef = RES001; };
		APP004 /* RecordingView.swift in Sources */ = {isa = PBXBuildFile; fileRef = SRC003; };
		APP005 /* RecordingListView.swift in Sources */ = {isa = PBXBuildFile; fileRef = SRC004; };
		APP006 /* RecordingDetailView.swift in Sources */ = {isa = PBXBuildFile; fileRef = SRC005; };
		APP007 /* SettingsView.swift in Sources */ = {isa = PBXBuildFile; fileRef = SRC006; };
		APP008 /* Recording.swift in Sources */ = {isa = PBXBuildFile; fileRef = SRC007; };
		APP009 /* MeetingSummary.swift in Sources */ = {isa = PBXBuildFile; fileRef = SRC008; };
		APP010 /* AudioRecorder.swift in Sources */ = {isa = PBXBuildFile; fileRef = SRC009; };
		APP011 /* SpeechRecognizer.swift in Sources */ = {isa = PBXBuildFile; fileRef = SRC010; };
		APP012 /* GeminiService.swift in Sources */ = {isa = PBXBuildFile; fileRef = SRC011; };
		APP013 /* EmailComposer.swift in Sources */ = {isa = PBXBuildFile; fileRef = SRC012; };
		APP014 /* RecordingManager.swift in Sources */ = {isa = PBXBuildFile; fileRef = SRC013; };
		APP015 /* SMTPService.swift in Sources */ = {isa = PBXBuildFile; fileRef = SRC014; };
		APP016 /* RateLimitService.swift in Sources */ = {isa = PBXBuildFile; fileRef = SRC015; };
		APP017 /* Stakeholder.swift in Sources */ = {isa = PBXBuildFile; fileRef = SRC016; };
		APP018 /* ToDoListView.swift in Sources */ = {isa = PBXBuildFile; fileRef = SRC017; };
		APP019 /* SwiftSMTP in Frameworks */ = {isa = PBXBuildFile; productRef = PKG001; };
		TEST001 /* SpeechRecognizerTests.swift in Sources */ = {isa = PBXBuildFile; fileRef = TESTSRC001; };
/* End PBXBuildFile section */

/* Begin PBXFileReference section */
		PRD001 /* Big-DicTaphone.app */ = {isa = PBXFileReference; explicitFileType = wrapper.application; includeInIndex = 0; path = "Big-DicTaphone.app"; sourceTree = BUILT_PRODUCTS_DIR; };
		SRC001 /* Big_DicTaphoneApp.swift */ = {isa = PBXFileReference; lastKnownFileType = sourcecode.swift; path = Big_DicTaphoneApp.swift; sourceTree = "<group>"; };
		SRC002 /* ContentView.swift */ = {isa = PBXFileReference; lastKnownFileType = sourcecode.swift; path = ContentView.swift; sourceTree = "<group>"; };
		SRC003 /* RecordingView.swift */ = {isa = PBXFileReference; lastKnownFileType = sourcecode.swift; path = RecordingView.swift; sourceTree = "<group>"; };
		SRC004 /* RecordingListView.swift */ = {isa = PBXFileReference; lastKnownFileType = sourcecode.swift; path = RecordingListView.swift; sourceTree = "<group>"; };
		SRC005 /* RecordingDetailView.swift */ = {isa = PBXFileReference; lastKnownFileType = sourcecode.swift; path = RecordingDetailView.swift; sourceTree = "<group>"; };
		SRC006 /* SettingsView.swift */ = {isa = PBXFileReference; lastKnownFileType = sourcecode.swift; path = SettingsView.swift; sourceTree = "<group>"; };
		SRC007 /* Recording.swift */ = {isa = PBXFileReference; lastKnownFileType = sourcecode.swift; path = Recording.swift; sourceTree = "<group>"; };
		SRC008 /* MeetingSummary.swift */ = {isa = PBXFileReference; lastKnownFileType = sourcecode.swift; path = MeetingSummary.swift; sourceTree = "<group>"; };
		SRC009 /* AudioRecorder.swift */ = {isa = PBXFileReference; lastKnownFileType = sourcecode.swift; path = AudioRecorder.swift; sourceTree = "<group>"; };
		SRC010 /* SpeechRecognizer.swift */ = {isa = PBXFileReference; lastKnownFileType = sourcecode.swift; path = SpeechRecognizer.swift; sourceTree = "<group>"; };
		SRC011 /* GeminiService.swift */ = {isa = PBXFileReference; lastKnownFileType = sourcecode.swift; path = GeminiService.swift; sourceTree = "<group>"; };
		SRC012 /* EmailComposer.swift */ = {isa = PBXFileReference; lastKnownFileType = sourcecode.swift; path = EmailComposer.swift; sourceTree = "<group>"; };
		SRC013 /* RecordingManager.swift */ = {isa = PBXFileReference; lastKnownFileType = sourcecode.swift; path = RecordingManager.swift; sourceTree = "<group>"; };
		SRC014 /* SMTPService.swift */ = {isa = PBXFileReference; lastKnownFileType = sourcecode.swift; path = SMTPService.swift; sourceTree = "<group>"; };
		SRC015 /* RateLimitService.swift */ = {isa = PBXFileReference; lastKnownFileType = sourcecode.swift; path = RateLimitService.swift; sourceTree = "<group>"; };
		SRC016 /* Stakeholder.swift */ = {isa = PBXFileReference; lastKnownFileType = sourcecode.swift; path = Stakeholder.swift; sourceTree = "<group>"; };
		SRC017 /* ToDoListView.swift */ = {isa = PBXFileReference; lastKnownFileType = sourcecode.swift; path = ToDoListView.swift; sourceTree = "<group>"; };
		TESTPROD001 /* Big-DicTaphoneTests.xctest */ = {isa = PBXFileReference; explicitFileType = wrapper.cfbundle; includeInIndex = 0; path = Big-DicTaphoneTests.xctest; sourceTree = BUILT_PRODUCTS_DIR; };
		TESTSRC001 /* SpeechRecognizerTests.swift */ = {isa = PBXFileReference; lastKnownFileType = sourcecode.swift; path = SpeechRecognizerTests.swift; sourceTree = "<group>"; };
		RES001 /* Assets.xcassets */ = {isa = PBXFileReference; lastKnownFileType = folder.assetcatalog; path = Assets.xcassets; sourceTree = "<group>"; };
/* End PBXFileReference section */

/* Begin PBXFrameworksBuildPhase section */
		FRM001 /* Frameworks */ = {
			isa = PBXFrameworksBuildPhase;
			buildActionMask = 2147483647;
			files = (
				APP019 /* SwiftSMTP in Frameworks */,
			);
			runOnlyForDeploymentPostprocessing = 0;
		};
/* End PBXFrameworksBuildPhase section */

/* Begin PBXGroup section */
		GRP001 = {
			isa = PBXGroup;
			children = (
				GRP002 /* Big-DicTaphone */,
				GRP008 /* Big-DicTaphoneTests */,
				GRP007 /* Products */,
			);
			sourceTree = "<group>";
		};
		GRP002 /* Big-DicTaphone */ = {
			isa = PBXGroup;
			children = (
				SRC001 /* Big_DicTaphoneApp.swift */,
				SRC002 /* ContentView.swift */,
				GRP003 /* Views */,
				GRP004 /* Models */,
				GRP005 /* Services */,
				RES001 /* Assets.xcassets */,
			);
			path = "Big-DicTaphone";
			sourceTree = "<group>";
		};
		GRP003 /* Views */ = {
			isa = PBXGroup;
			children = (
				SRC003 /* RecordingView.swift */,
				SRC004 /* RecordingListView.swift */,
				SRC005 /* RecordingDetailView.swift */,
				SRC006 /* SettingsView.swift */,
				SRC017 /* ToDoListView.swift */,
			);
			path = Views;
			sourceTree = "<group>";
		};
		GRP004 /* Models */ = {
			isa = PBXGroup;
			children = (
				SRC007 /* Recording.swift */,
				SRC008 /* MeetingSummary.swift */,
				SRC016 /* Stakeholder.swift */,
			);
			path = Models;
			sourceTree = "<group>";
		};
		GRP005 /* Services */ = {
			isa = PBXGroup;
			children = (
				SRC009 /* AudioRecorder.swift */,
				SRC010 /* SpeechRecognizer.swift */,
				SRC011 /* GeminiService.swift */,
				SRC012 /* EmailComposer.swift */,
				SRC013 /* RecordingManager.swift */,
				SRC014 /* SMTPService.swift */,
				SRC015 /* RateLimitService.swift */,
			);
			path = Services;
			sourceTree = "<group>";
		};
		GRP007 /* Products */ = {
			isa = PBXGroup;
			children = (
				PRD001 /* Big-DicTaphone.app */,
			);
			name = Products;
			sourceTree = "<group>";
		};
/* End PBXGroup section */

/* Begin PBXNativeTarget section */
		TGT001 /* Big-DicTaphone */ = {
			isa = PBXNativeTarget;
			buildConfigurationList = CFG003;
			buildPhases = (
				SRC100 /* Sources */,
				FRM001 /* Frameworks */,
				RES100 /* Resources */,
			);
			buildRules = (
			);
			dependencies = (
			);
			packageProductDependencies = (
				PKG001 /* SwiftSMTP */,
			);
			name = "Big-DicTaphone";
			productName = "Big-DicTaphone";
			productReference = PRD001 /* Big-DicTaphone.app */;
			productType = "com.apple.product-type.application";
		};
		TGT002 /* Big-DicTaphoneTests */ = {
			isa = PBXNativeTarget;
			buildConfigurationList = CFG004;
			buildPhases = (TESTSRC100 /* Sources */, TESTFRM001 /* Frameworks */, TESTRES001 /* Resources */);
			buildRules = ();
			dependencies = (TESTDEP001 /* PBXTargetDependency */);
			name = Big-DicTaphoneTests;
			productName = Big-DicTaphoneTests;
			productReference = TESTPROD001 /* Big-DicTaphoneTests.xctest */;
			productType = "com.apple.product-type.bundle.unit-test";
		};
/* End PBXNativeTarget section */

/* Begin PBXProject section */
		PRJ001 /* Project object */ = {
			isa = PBXProject;
			attributes = {
				BuildIndependentTargetsInParallel = 1;
				LastSwiftUpdateCheck = 1500;
				LastUpgradeCheck = 1500;
				TargetAttributes = {
					TGT001 = {
						CreatedOnToolsVersion = 15.0;
					};
				};
			};
			buildConfigurationList = CFG001;
			compatibilityVersion = "Xcode 14.0";
			developmentRegion = en;
			hasScannedForEncodings = 0;
			knownRegions = (
				en,
				Base,
				nl,
			);
			mainGroup = GRP001;
			packageReferences = (
				PKGREF001 /* Swift-SMTP */,
			);
			productRefGroup = GRP007 /* Products */;
			projectDirPath = "";
			projectRoot = "";
			targets = (
				TGT001 /* Big-DicTaphone */,
				TGT002 /* Big-DicTaphoneTests */,
			);
		};
/* End PBXProject section */

/* Begin PBXResourcesBuildPhase section */
		RES100 /* Resources */ = {
			isa = PBXResourcesBuildPhase;
			buildActionMask = 2147483647;
			files = (
				APP003 /* Assets.xcassets in Resources */,
			);
			runOnlyForDeploymentPostprocessing = 0;
		};
/* End PBXResourcesBuildPhase section */
		TESTRES001 /* Test Resources */ = { isa = PBXResourcesBuildPhase; buildActionMask = 2147483647; files = (); runOnlyForDeploymentPostprocessing = 0; };
		TESTFRM001 /* Test Frameworks */ = { isa = PBXFrameworksBuildPhase; buildActionMask = 2147483647; files = (); runOnlyForDeploymentPostprocessing = 0; };

/* Begin PBXSourcesBuildPhase section */
		SRC100 /* Sources */ = {
			isa = PBXSourcesBuildPhase;
			buildActionMask = 2147483647;
			files = (
				APP001 /* Big_DicTaphoneApp.swift in Sources */,
				APP002 /* ContentView.swift in Sources */,
				APP004 /* RecordingView.swift in Sources */,
				APP005 /* RecordingListView.swift in Sources */,
				APP006 /* RecordingDetailView.swift in Sources */,
				APP007 /* SettingsView.swift in Sources */,
				APP008 /* Recording.swift in Sources */,
				APP009 /* MeetingSummary.swift in Sources */,
				APP010 /* AudioRecorder.swift in Sources */,
				APP011 /* SpeechRecognizer.swift in Sources */,
				APP012 /* GeminiService.swift in Sources */,
				APP013 /* EmailComposer.swift in Sources */,
				APP014 /* RecordingManager.swift in Sources */,
				APP015 /* SMTPService.swift in Sources */,
				APP016 /* RateLimitService.swift in Sources */,
				APP017 /* Stakeholder.swift in Sources */,
				APP018 /* ToDoListView.swift in Sources */,
			);
			runOnlyForDeploymentPostprocessing = 0;
		};
/* End PBXSourcesBuildPhase section */
		TESTSRC100 /* Test Sources */ = { isa = PBXSourcesBuildPhase; buildActionMask = 2147483647; files = (TEST001 /* SpeechRecognizerTests.swift in Sources */); runOnlyForDeploymentPostprocessing = 0; };
		TESTDEP001 /* PBXTargetDependency */ = { isa = PBXTargetDependency; target = TGT001 /* Big-DicTaphone */; targetProxy = TESTPROXY001; };
		TESTPROXY001 /* PBXContainerItemProxy */ = { isa = PBXContainerItemProxy; containerPortal = PRJ001 /* Project object */; proxyType = 1; remoteGlobalIDString = TGT001; remoteInfo = Big-DicTaphone; };

/* Begin XCBuildConfiguration section */
		CFG101 /* Debug */ = {
			isa = XCBuildConfiguration;
			buildSettings = {
				ALWAYS_SEARCH_USER_PATHS = NO;
				ASSETCATALOG_COMPILER_GENERATE_SWIFT_ASSET_SYMBOL_EXTENSIONS = YES;
				CLANG_ANALYZER_NONNULL = YES;
				CLANG_ANALYZER_NUMBER_OBJECT_CONVERSION = YES_AGGRESSIVE;
				CLANG_CXX_LANGUAGE_STANDARD = "gnu++20";
				CLANG_ENABLE_MODULES = YES;
				CLANG_ENABLE_OBJC_ARC = YES;
				CLANG_ENABLE_OBJC_WEAK = YES;
				CLANG_WARN_BLOCK_CAPTURE_AUTORELEASING = YES;
				CLANG_WARN_BOOL_CONVERSION = YES;
				CLANG_WARN_COMMA = YES;
				CLANG_WARN_CONSTANT_CONVERSION = YES;
				CLANG_WARN_DEPRECATED_OBJC_IMPLEMENTATIONS = YES;
				CLANG_WARN_DIRECT_OBJC_ISA_USAGE = YES_ERROR;
				CLANG_WARN_DOCUMENTATION_COMMENTS = YES;
				CLANG_WARN_EMPTY_BODY = YES;
				CLANG_WARN_ENUM_CONVERSION = YES;
				CLANG_WARN_INFINITE_RECURSION = YES;
				CLANG_WARN_INT_CONVERSION = YES;
				CLANG_WARN_NON_LITERAL_NULL_CONVERSION = YES;
				CLANG_WARN_OBJC_IMPLICIT_RETAIN_SELF = YES;
				CLANG_WARN_OBJC_LITERAL_CONVERSION = YES;
				CLANG_WARN_OBJC_ROOT_CLASS = YES_ERROR;
				CLANG_WARN_QUOTED_INCLUDE_IN_FRAMEWORK_HEADER = YES;
				CLANG_WARN_RANGE_LOOP_ANALYSIS = YES;
				CLANG_WARN_STRICT_PROTOTYPES = YES;
				CLANG_WARN_SUSPICIOUS_MOVE = YES;
				CLANG_WARN_UNGUARDED_AVAILABILITY = YES_AGGRESSIVE;
				CLANG_WARN_UNREACHABLE_CODE = YES;
				CLANG_WARN__DUPLICATE_METHOD_MATCH = YES;
				COPY_PHASE_STRIP = NO;
				DEBUG_INFORMATION_FORMAT = dwarf;
				ENABLE_STRICT_OBJC_MSGSEND = YES;
				ENABLE_TESTABILITY = YES;
				ENABLE_USER_SCRIPT_SANDBOXING = YES;
				GCC_C_LANGUAGE_STANDARD = gnu17;
				GCC_DYNAMIC_NO_PIC = NO;
				GCC_NO_COMMON_BLOCKS = YES;
				GCC_OPTIMIZATION_LEVEL = 0;
				GCC_PREPROCESSOR_DEFINITIONS = (
					"DEBUG=1",
					"$(inherited)",
				);
				GCC_WARN_64_TO_32_BIT_CONVERSION = YES;
				GCC_WARN_ABOUT_RETURN_TYPE = YES_ERROR;
				GCC_WARN_UNDECLARED_SELECTOR = YES;
				GCC_WARN_UNINITIALIZED_AUTOS = YES_AGGRESSIVE;
				GCC_WARN_UNUSED_FUNCTION = YES;
				GCC_WARN_UNUSED_VARIABLE = YES;
				IPHONEOS_DEPLOYMENT_TARGET = 17.0;
				LOCALIZATION_PREFERS_STRING_CATALOGS = YES;
				MTL_ENABLE_DEBUG_INFO = INCLUDE_SOURCE;
				MTL_FAST_MATH = YES;
				ONLY_ACTIVE_ARCH = YES;
				SDKROOT = iphoneos;
				SWIFT_ACTIVE_COMPILATION_CONDITIONS = "DEBUG $(inherited)";
				SWIFT_OPTIMIZATION_LEVEL = "-Onone";
			};
			name = Debug;
		};
		CFG102 /* Release */ = {
			isa = XCBuildConfiguration;
			buildSettings = {
				ALWAYS_SEARCH_USER_PATHS = NO;
				ASSETCATALOG_COMPILER_GENERATE_SWIFT_ASSET_SYMBOL_EXTENSIONS = YES;
				CLANG_ANALYZER_NONNULL = YES;
				CLANG_ANALYZER_NUMBER_OBJECT_CONVERSION = YES_AGGRESSIVE;
				CLANG_CXX_LANGUAGE_STANDARD = "gnu++20";
				CLANG_ENABLE_MODULES = YES;
				CLANG_ENABLE_OBJC_ARC = YES;
				CLANG_ENABLE_OBJC_WEAK = YES;
				CLANG_WARN_BLOCK_CAPTURE_AUTORELEASING = YES;
				CLANG_WARN_BOOL_CONVERSION = YES;
				CLANG_WARN_COMMA = YES;
				CLANG_WARN_CONSTANT_CONVERSION = YES;
				CLANG_WARN_DEPRECATED_OBJC_IMPLEMENTATIONS = YES;
				CLANG_WARN_DIRECT_OBJC_ISA_USAGE = YES_ERROR;
				CLANG_WARN_DOCUMENTATION_COMMENTS = YES;
				CLANG_WARN_EMPTY_BODY = YES;
				CLANG_WARN_ENUM_CONVERSION = YES;
				CLANG_WARN_INFINITE_RECURSION = YES;
				CLANG_WARN_INT_CONVERSION = YES;
				CLANG_WARN_NON_LITERAL_NULL_CONVERSION = YES;
				CLANG_WARN_OBJC_IMPLICIT_RETAIN_SELF = YES;
				CLANG_WARN_OBJC_LITERAL_CONVERSION = YES;
				CLANG_WARN_OBJC_ROOT_CLASS = YES_ERROR;
				CLANG_WARN_QUOTED_INCLUDE_IN_FRAMEWORK_HEADER = YES;
				CLANG_WARN_RANGE_LOOP_ANALYSIS = YES;
				CLANG_WARN_STRICT_PROTOTYPES = YES;
				CLANG_WARN_SUSPICIOUS_MOVE = YES;
				CLANG_WARN_UNGUARDED_AVAILABILITY = YES_AGGRESSIVE;
				CLANG_WARN_UNREACHABLE_CODE = YES;
				CLANG_WARN__DUPLICATE_METHOD_MATCH = YES;
				COPY_PHASE_STRIP = NO;
				DEBUG_INFORMATION_FORMAT = "dwarf-with-dsym";
				ENABLE_NS_ASSERTIONS = NO;
				ENABLE_STRICT_OBJC_MSGSEND = YES;
				ENABLE_USER_SCRIPT_SANDBOXING = YES;
				GCC_C_LANGUAGE_STANDARD = gnu17;
				GCC_NO_COMMON_BLOCKS = YES;
				GCC_WARN_64_TO_32_BIT_CONVERSION = YES;
				GCC_WARN_ABOUT_RETURN_TYPE = YES_ERROR;
				GCC_WARN_UNDECLARED_SELECTOR = YES;
				GCC_WARN_UNINITIALIZED_AUTOS = YES_AGGRESSIVE;
				GCC_WARN_UNUSED_FUNCTION = YES;
				GCC_WARN_UNUSED_VARIABLE = YES;
				IPHONEOS_DEPLOYMENT_TARGET = 17.0;
				LOCALIZATION_PREFERS_STRING_CATALOGS = YES;
				MTL_ENABLE_DEBUG_INFO = NO;
				MTL_FAST_MATH = YES;
				SDKROOT = iphoneos;
				SWIFT_COMPILATION_MODE = wholemodule;
				VALIDATE_PRODUCT = YES;
			};
			name = Release;
		};
		CFG201 /* Debug */ = {
			isa = XCBuildConfiguration;
			buildSettings = {
				ASSETCATALOG_COMPILER_APPICON_NAME = AppIcon;
				ASSETCATALOG_COMPILER_GLOBAL_ACCENT_COLOR_NAME = AccentColor;
				CODE_SIGN_STYLE = Automatic;
				CURRENT_PROJECT_VERSION = 1;
				DEVELOPMENT_TEAM = "";
				ENABLE_PREVIEWS = YES;
				GENERATE_INFOPLIST_FILE = YES;
				INFOPLIST_FILE = "Big-DicTaphone/Info.plist";
				INFOPLIST_KEY_CFBundleDisplayName = "Big-DicTaphone";
				INFOPLIST_KEY_LSApplicationCategoryType = "public.app-category.productivity";
				INFOPLIST_KEY_NSMicrophoneUsageDescription = "Big-DicTaphone needs access to your microphone to record voice notes and meetings.";
				INFOPLIST_KEY_NSSpeechRecognitionUsageDescription = "Big-DicTaphone needs speech recognition to transcribe your recordings into text.";
				INFOPLIST_KEY_UIApplicationSceneManifest_Generation = YES;
				INFOPLIST_KEY_UIApplicationSupportsIndirectInputEvents = YES;
				INFOPLIST_KEY_UILaunchScreen_Generation = YES;
				INFOPLIST_KEY_UISupportedInterfaceOrientations_iPad = "UIInterfaceOrientationPortrait UIInterfaceOrientationPortraitUpsideDown UIInterfaceOrientationLandscapeLeft UIInterfaceOrientationLandscapeRight";
				INFOPLIST_KEY_UISupportedInterfaceOrientations_iPhone = "UIInterfaceOrientationPortrait UIInterfaceOrientationLandscapeLeft UIInterfaceOrientationLandscapeRight";
				LD_RUNPATH_SEARCH_PATHS = (
					"$(inherited)",
					"@executable_path/Frameworks",
				);
				MARKETING_VERSION = 1.0;
				PRODUCT_BUNDLE_IDENTIFIER = "com.yourname.Big-DicTaphone";
				PRODUCT_NAME = "$(TARGET_NAME)";
				SWIFT_EMIT_LOC_STRINGS = YES;
				SWIFT_VERSION = 5.0;
				TARGETED_DEVICE_FAMILY = "1,2";
			};
			name = Debug;
		};
		CFG202 /* Release */ = {
			isa = XCBuildConfiguration;
			buildSettings = {
				ASSETCATALOG_COMPILER_APPICON_NAME = AppIcon;
				ASSETCATALOG_COMPILER_GLOBAL_ACCENT_COLOR_NAME = AccentColor;
				CODE_SIGN_STYLE = Automatic;
				CURRENT_PROJECT_VERSION = 1;
				DEVELOPMENT_TEAM = "";
				ENABLE_PREVIEWS = YES;
				GENERATE_INFOPLIST_FILE = YES;
				INFOPLIST_FILE = "Big-DicTaphone/Info.plist";
				INFOPLIST_KEY_CFBundleDisplayName = "Big-DicTaphone";
				INFOPLIST_KEY_LSApplicationCategoryType = "public.app-category.productivity";
				INFOPLIST_KEY_NSMicrophoneUsageDescription = "Big-DicTaphone needs access to your microphone to record voice notes and meetings.";
				INFOPLIST_KEY_NSSpeechRecognitionUsageDescription = "Big-DicTaphone needs speech recognition to transcribe your recordings into text.";
				INFOPLIST_KEY_UIApplicationSceneManifest_Generation = YES;
				INFOPLIST_KEY_UIApplicationSupportsIndirectInputEvents = YES;
				INFOPLIST_KEY_UILaunchScreen_Generation = YES;
				INFOPLIST_KEY_UISupportedInterfaceOrientations_iPad = "UIInterfaceOrientationPortrait UIInterfaceOrientationPortraitUpsideDown UIInterfaceOrientationLandscapeLeft UIInterfaceOrientationLandscapeRight";
				INFOPLIST_KEY_UISupportedInterfaceOrientations_iPhone = "UIInterfaceOrientationPortrait UIInterfaceOrientationLandscapeLeft UIInterfaceOrientationLandscapeRight";
				LD_RUNPATH_SEARCH_PATHS = (
					"$(inherited)",
					"@executable_path/Frameworks",
				);
				MARKETING_VERSION = 1.0;
				PRODUCT_BUNDLE_IDENTIFIER = "com.yourname.Big-DicTaphone";
				PRODUCT_NAME = "$(TARGET_NAME)";
				SWIFT_EMIT_LOC_STRINGS = YES;
				SWIFT_VERSION = 5.0;
				TARGETED_DEVICE_FAMILY = "1,2";
			};
			name = Release;
		};
/* End XCBuildConfiguration section */
		CFG301 /* Test Debug */ = { isa = XCBuildConfiguration; buildSettings = { BUNDLE_LOADER = "$(TEST_HOST)"; CODE_SIGN_STYLE = Automatic; GENERATE_INFOPLIST_FILE = YES; IPHONEOS_DEPLOYMENT_TARGET = 17.0; PRODUCT_BUNDLE_IDENTIFIER = "com.yourname.Big-DicTaphoneTests"; PRODUCT_NAME = "$(TARGET_NAME)"; SWIFT_VERSION = 5.0; TEST_HOST = "$(BUILT_PRODUCTS_DIR)/Big-DicTaphone.app/Big-DicTaphone"; }; name = Debug; };
		CFG302 /* Test Release */ = { isa = XCBuildConfiguration; buildSettings = { BUNDLE_LOADER = "$(TEST_HOST)"; CODE_SIGN_STYLE = Automatic; GENERATE_INFOPLIST_FILE = YES; IPHONEOS_DEPLOYMENT_TARGET = 17.0; PRODUCT_BUNDLE_IDENTIFIER = "com.yourname.Big-DicTaphoneTests"; PRODUCT_NAME = "$(TARGET_NAME)"; SWIFT_VERSION = 5.0; TEST_HOST = "$(BUILT_PRODUCTS_DIR)/Big-DicTaphone.app/Big-DicTaphone"; }; name = Release; };

/* Begin XCConfigurationList section */
		CFG001 /* Build configuration list for PBXProject */ = {
			isa = XCConfigurationList;
			buildConfigurations = (
				CFG101 /* Debug */,
				CFG102 /* Release */,
			);
			defaultConfigurationIsVisible = 0;
			defaultConfigurationName = Release;
		};
		CFG003 /* Build configuration list for PBXNativeTarget */ = {
			isa = XCConfigurationList;
			buildConfigurations = (
				CFG201 /* Debug */,
				CFG202 /* Release */,
			);
			defaultConfigurationIsVisible = 0;
			defaultConfigurationName = Release;
		};
/* End XCConfigurationList section */
		CFG004 /* Build configuration list for tests */ = { isa = XCConfigurationList; buildConfigurations = (CFG301 /* Test Debug */, CFG302 /* Test Release */); defaultConfigurationIsVisible = 0; defaultConfigurationName = Release; };

/* Begin XCRemoteSwiftPackageReference section */
		PKGREF001 /* Swift-SMTP */ = {
			isa = XCRemoteSwiftPackageReference;
			repositoryURL = "https://github.com/Kitura/Swift-SMTP.git";
				requirement = {
				kind = exactVersion;
				version = 5.1.0;
			};
		};
		GRP008 /* Big-DicTaphoneTests */ = { isa = PBXGroup; children = (TESTSRC001 /* SpeechRecognizerTests.swift */); path = Big-DicTaphoneTests; sourceTree = "<group>"; };
/* End XCRemoteSwiftPackageReference section */

/* Begin XCSwiftPackageProductDependency section */
		PKG001 /* SwiftSMTP */ = {
			isa = XCSwiftPackageProductDependency;
			package = PKGREF001;
			productName = SwiftSMTP;
		};
/* End XCSwiftPackageProductDependency section */
	};
	rootObject = PRJ001 /* Project object */;
}
